
Microsoft Visual Studio Solution File, Format Version 12.00
# Visual Studio Version 17
VisualStudioVersion = 17.8.34511.84
MinimumVisualStudioVersion = 10.0.40219.1
Project("{FAE04EC0-301F-11D3-BF4B-00C04F79EFBC}") = "OrderApp.API", "OrderApp.API.csproj", "{455670CD-ADDC-4A8F-94A5-4463B94EFC3B}"
EndProject
Project("{FAE04EC0-301F-11D3-BF4B-00C04F79EFBC}") = "OrderProcessingService", "..\OrderProcessingService\OrderProcessingService.csproj", "{AF00BDFF-01BC-4182-B21C-170D6395C277}"
EndProject
Global
	GlobalSection(SolutionConfigurationPlatforms) = preSolution
		Debug|Any CPU = Debug|Any CPU
		Release|Any CPU = Release|Any CPU
	EndGlobalSection
	GlobalSection(ProjectConfigurationPlatforms) = postSolution
		{455670CD-ADDC-4A8F-94A5-4463B94EFC3B}.Debug|Any CPU.ActiveCfg = Debug|Any CPU
		{455670CD-ADDC-4A8F-94A5-4463B94EFC3B}.Debug|Any CPU.Build.0 = Debug|Any CPU
		{455670CD-ADDC-4A8F-94A5-4463B94EFC3B}.Release|Any CPU.ActiveCfg = Release|Any CPU
		{455670CD-ADDC-4A8F-94A5-4463B94EFC3B}.Release|Any CPU.Build.0 = Release|Any CPU
		{AF00BDFF-01BC-4182-B21C-170D6395C277}.Debug|Any CPU.ActiveCfg = Debug|Any CPU
		{AF00BDFF-01BC-4182-B21C-170D6395C277}.Debug|Any CPU.Build.0 = Debug|Any CPU
		{AF00BDFF-01BC-4182-B21C-170D6395C277}.Release|Any CPU.ActiveCfg = Release|Any CPU
		{AF00BDFF-01BC-4182-B21C-170D6395C277}.Release|Any CPU.Build.0 = Release|Any CPU
	EndGlobalSection
	GlobalSection(SolutionProperties) = preSolution
		HideSolutionNode = FALSE
	EndGlobalSection
	GlobalSection(ExtensibilityGlobals) = postSolution
		SolutionGuid = {F58EA1C3-045F-4E24-9812-5A3774601700}
	EndGlobalSection
EndGlobal
